// !$*UTF8*$!
{
	archiveVersion = 1;
	classes = {
	};
	objectVersion = 46;
	objects = {

/* Begin PBXBuildFile section */
		A84AD0E41C953EA900E280ED /* AppDelegate.swift in Sources */ = {isa = PBXBuildFile; fileRef = A84AD0E31C953EA900E280ED /* AppDelegate.swift */; };
		A84AD0E61C953EA900E280ED /* ViewController.swift in Sources */ = {isa = PBXBuildFile; fileRef = A84AD0E51C953EA900E280ED /* ViewController.swift */; };
		A84AD0E91C953EA900E280ED /* Main.storyboard in Resources */ = {isa = PBXBuildFile; fileRef = A84AD0E71C953EA900E280ED /* Main.storyboard */; };
		A84AD0EB1C953EA900E280ED /* Assets.xcassets in Resources */ = {isa = PBXBuildFile; fileRef = A84AD0EA1C953EA900E280ED /* Assets.xcassets */; };
		A84AD0EE1C953EA900E280ED /* LaunchScreen.storyboard in Resources */ = {isa = PBXBuildFile; fileRef = A84AD0EC1C953EA900E280ED /* LaunchScreen.storyboard */; };
		A84AD0F91C953EAA00E280ED /* BetterTriviaModelTests.swift in Sources */ = {isa = PBXBuildFile; fileRef = A84AD0F81C953EAA00E280ED /* BetterTriviaModelTests.swift */; };
/* End PBXBuildFile section */

/* Begin PBXContainerItemProxy section */
		A84AD0F51C953EAA00E280ED /* PBXContainerItemProxy */ = {
			isa = PBXContainerItemProxy;
			containerPortal = A84AD0D81C953EA900E280ED /* Project object */;
			proxyType = 1;
			remoteGlobalIDString = A84AD0DF1C953EA900E280ED;
			remoteInfo = BetterTriviaModel;
		};
/* End PBXContainerItemProxy section */

/* Begin PBXFileReference section */
		A84AD0E01C953EA900E280ED /* BetterTriviaModel.app */ = {isa = PBXFileReference; explicitFileType = wrapper.application; includeInIndex = 0; path = BetterTriviaModel.app; sourceTree = BUILT_PRODUCTS_DIR; };
		A84AD0E31C953EA900E280ED /* AppDelegate.swift */ = {isa = PBXFileReference; lastKnownFileType = sourcecode.swift; path = AppDelegate.swift; sourceTree = "<group>"; };
		A84AD0E51C953EA900E280ED /* ViewController.swift */ = {isa = PBXFileReference; lastKnownFileType = sourcecode.swift; path = ViewController.swift; sourceTree = "<group>"; };
		A84AD0E81C953EA900E280ED /* Base */ = {isa = PBXFileReference; lastKnownFileType = file.storyboard; name = Base; path = Base.lproj/Main.storyboard; sourceTree = "<group>"; };
		A84AD0EA1C953EA900E280ED /* Assets.xcassets */ = {isa = PBXFileReference; lastKnownFileType = folder.assetcatalog; path = Assets.xcassets; sourceTree = "<group>"; };
		A84AD0ED1C953EA900E280ED /* Base */ = {isa = PBXFileReference; lastKnownFileType = file.storyboard; name = Base; path = Base.lproj/LaunchScreen.storyboard; sourceTree = "<group>"; };
		A84AD0EF1C953EA900E280ED /* Info.plist */ = {isa = PBXFileReference; lastKnownFileType = text.plist.xml; path = Info.plist; sourceTree = "<group>"; };
		A84AD0F41C953EAA00E280ED /* BetterTriviaModelTests.xctest */ = {isa = PBXFileReference; explicitFileType = wrapper.cfbundle; includeInIndex = 0; path = BetterTriviaModelTests.xctest; sourceTree = BUILT_PRODUCTS_DIR; };
		A84AD0F81C953EAA00E280ED /* BetterTriviaModelTests.swift */ = {isa = PBXFileReference; lastKnownFileType = sourcecode.swift; path = BetterTriviaModelTests.swift; sourceTree = "<group>"; };
		A84AD0FA1C953EAA00E280ED /* Info.plist */ = {isa = PBXFileReference; lastKnownFileType = text.plist.xml; path = Info.plist; sourceTree = "<group>"; };
/* End PBXFileReference section */

/* Begin PBXFrameworksBuildPhase section */
		A84AD0DD1C953EA900E280ED /* Frameworks */ = {
			isa = PBXFrameworksBuildPhase;
			buildActionMask = 2147483647;
			files = (
			);
			runOnlyForDeploymentPostprocessing = 0;
		};
		A84AD0F11C953EAA00E280ED /* Frameworks */ = {
			isa = PBXFrameworksBuildPhase;
			buildActionMask = 2147483647;
			files = (
			);
			runOnlyForDeploymentPostprocessing = 0;
		};
/* End PBXFrameworksBuildPhase section */

/* Begin PBXGroup section */
		A84AD0D71C953EA900E280ED = {
			isa = PBXGroup;
			children = (
				A84AD0E21C953EA900E280ED /* BetterTriviaModel */,
				A84AD0F71C953EAA00E280ED /* BetterTriviaModelTests */,
				A84AD0E11C953EA900E280ED /* Products */,
			);
			sourceTree = "<group>";
		};
		A84AD0E11C953EA900E280ED /* Products */ = {
			isa = PBXGroup;
			children = (
				A84AD0E01C953EA900E280ED /* BetterTriviaModel.app */,
				A84AD0F41C953EAA00E280ED /* BetterTriviaModelTests.xctest */,
			);
			name = Products;
			sourceTree = "<group>";
		};
		A84AD0E21C953EA900E280ED /* BetterTriviaModel */ = {
			isa = PBXGroup;
			children = (
				A84AD0E31C953EA900E280ED /* AppDelegate.swift */,
				A84AD0E51C953EA900E280ED /* ViewController.swift */,
				A84AD0E71C953EA900E280ED /* Main.storyboard */,
				A84AD0EA1C953EA900E280ED /* Assets.xcassets */,
				A84AD0EC1C953EA900E280ED /* LaunchScreen.storyboard */,
				A84AD0EF1C953EA900E280ED /* Info.plist */,
			);
			path = BetterTriviaModel;
			sourceTree = "<group>";
		};
		A84AD0F71C953EAA00E280ED /* BetterTriviaModelTests */ = {
			isa = PBXGroup;
			children = (
				A84AD0F81C953EAA00E280ED /* BetterTriviaModelTests.swift */,
				A84AD0FA1C953EAA00E280ED /* Info.plist */,
			);
			path = BetterTriviaModelTests;
			sourceTree = "<group>";
		};
/* End PBXGroup section */

/* Begin PBXNativeTarget section */
		A84AD0DF1C953EA900E280ED /* BetterTriviaModel */ = {
			isa = PBXNativeTarget;
			buildConfigurationList = A84AD0FD1C953EAA00E280ED /* Build configuration list for PBXNativeTarget "BetterTriviaModel" */;
			buildPhases = (
				A84AD0DC1C953EA900E280ED /* Sources */,
				A84AD0DD1C953EA900E280ED /* Frameworks */,
				A84AD0DE1C953EA900E280ED /* Resources */,
			);
			buildRules = (
			);
			dependencies = (
			);
			name = BetterTriviaModel;
			productName = BetterTriviaModel;
			productReference = A84AD0E01C953EA900E280ED /* BetterTriviaModel.app */;
			productType = "com.apple.product-type.application";
		};
		A84AD0F31C953EAA00E280ED /* BetterTriviaModelTests */ = {
			isa = PBXNativeTarget;
			buildConfigurationList = A84AD1001C953EAA00E280ED /* Build configuration list for PBXNativeTarget "BetterTriviaModelTests" */;
			buildPhases = (
				A84AD0F01C953EAA00E280ED /* Sources */,
				A84AD0F11C953EAA00E280ED /* Frameworks */,
				A84AD0F21C953EAA00E280ED /* Resources */,
			);
			buildRules = (
			);
			dependencies = (
				A84AD0F61C953EAA00E280ED /* PBXTargetDependency */,
			);
			name = BetterTriviaModelTests;
			productName = BetterTriviaModelTests;
			productReference = A84AD0F41C953EAA00E280ED /* BetterTriviaModelTests.xctest */;
			productType = "com.apple.product-type.bundle.unit-test";
		};
/* End PBXNativeTarget section */

/* Begin PBXProject section */
		A84AD0D81C953EA900E280ED /* Project object */ = {
			isa = PBXProject;
			attributes = {
				LastSwiftUpdateCheck = 0730;
				LastUpgradeCheck = 0730;
				ORGANIZATIONNAME = Subhadra;
				TargetAttributes = {
					A84AD0DF1C953EA900E280ED = {
						CreatedOnToolsVersion = 7.3;
					};
					A84AD0F31C953EAA00E280ED = {
						CreatedOnToolsVersion = 7.3;
						TestTargetID = A84AD0DF1C953EA900E280ED;
					};
				};
			};
			buildConfigurationList = A84AD0DB1C953EA900E280ED /* Build configuration list for PBXProject "BetterTriviaModel" */;
			compatibilityVersion = "Xcode 3.2";
			developmentRegion = English;
			hasScannedForEncodings = 0;
			knownRegions = (
				en,
				Base,
			);
			mainGroup = A84AD0D71C953EA900E280ED;
			productRefGroup = A84AD0E11C953EA900E280ED /* Products */;
			projectDirPath = "";
			projectRoot = "";
			targets = (
				A84AD0DF1C953EA900E280ED /* BetterTriviaModel */,
				A84AD0F31C953EAA00E280ED /* BetterTriviaModelTests */,
			);
		};
/* End PBXProject section */

/* Begin PBXResourcesBuildPhase section */
		A84AD0DE1C953EA900E280ED /* Resources */ = {
			isa = PBXResourcesBuildPhase;
			buildActionMask = 2147483647;
			files = (
				A84AD0EE1C953EA900E280ED /* LaunchScreen.storyboard in Resources */,
				A84AD0EB1C953EA900E280ED /* Assets.xcassets in Resources */,
				A84AD0E91C953EA900E280ED /* Main.storyboard in Resources */,
			);
			runOnlyForDeploymentPostprocessing = 0;
		};
		A84AD0F21C953EAA00E280ED /* Resources */ = {
			isa = PBXResourcesBuildPhase;
			buildActionMask = 2147483647;
			files = (
			);
			runOnlyForDeploymentPostprocessing = 0;
		};
/* End PBXResourcesBuildPhase section */

/* Begin PBXSourcesBuildPhase section */
		A84AD0DC1C953EA900E280ED /* Sources */ = {
			isa = PBXSourcesBuildPhase;
			buildActionMask = 2147483647;
			files = (
				A84AD0E61C953EA900E280ED /* ViewController.swift in Sources */,
				A84AD0E41C953EA900E280ED /* AppDelegate.swift in Sources */,
			);
			runOnlyForDeploymentPostprocessing = 0;
		};
		A84AD0F01C953EAA00E280ED /* Sources */ = {
			isa = PBXSourcesBuildPhase;
			buildActionMask = 2147483647;
			files = (
				A84AD0F91C953EAA00E280ED /* BetterTriviaModelTests.swift in Sources */,
			);
			runOnlyForDeploymentPostprocessing = 0;
		};
/* End PBXSourcesBuildPhase section */

/* Begin PBXTargetDependency section */
		A84AD0F61C953EAA00E280ED /* PBXTargetDependency */ = {
			isa = PBXTargetDependency;
			target = A84AD0DF1C953EA900E280ED /* BetterTriviaModel */;
			targetProxy = A84AD0F51C953EAA00E280ED /* PBXContainerItemProxy */;
		};
/* End PBXTargetDependency section */

/* Begin PBXVariantGroup section */
		A84AD0E71C953EA900E280ED /* Main.storyboard */ = {
			isa = PBXVariantGroup;
			children = (
				A84AD0E81C953EA900E280ED /* Base */,
			);
			name = Main.storyboard;
			sourceTree = "<group>";
		};
		A84AD0EC1C953EA900E280ED /* LaunchScreen.storyboard */ = {
			isa = PBXVariantGroup;
			children = (
				A84AD0ED1C953EA900E280ED /* Base */,
			);
			name = LaunchScreen.storyboard;
			sourceTree = "<group>";
		};
/* End PBXVariantGroup section */

/* Begin XCBuildConfiguration section */
		A84AD0FB1C953EAA00E280ED /* Debug */ = {
			isa = XCBuildConfiguration;
			buildSettings = {
				ALWAYS_SEARCH_USER_PATHS = NO;
				CLANG_CXX_LANGUAGE_STANDARD = "gnu++0x";
				CLANG_CXX_LIBRARY = "libc++";
				CLANG_ENABLE_MODULES = YES;
				CLANG_ENABLE_OBJC_ARC = YES;
				CLANG_WARN_BOOL_CONVERSION = YES;
				CLANG_WARN_CONSTANT_CONVERSION = YES;
				CLANG_WARN_DIRECT_OBJC_ISA_USAGE = YES_ERROR;
				CLANG_WARN_EMPTY_BODY = YES;
				CLANG_WARN_ENUM_CONVERSION = YES;
				CLANG_WARN_INT_CONVERSION = YES;
				CLANG_WARN_OBJC_ROOT_CLASS = YES_ERROR;
				CLANG_WARN_UNREACHABLE_CODE = YES;
				CLANG_WARN__DUPLICATE_METHOD_MATCH = YES;
				"CODE_SIGN_IDENTITY[sdk=iphoneos*]" = "iPhone Developer";
				COPY_PHASE_STRIP = NO;
				DEBUG_INFORMATION_FORMAT = dwarf;
				ENABLE_STRICT_OBJC_MSGSEND = YES;
				ENABLE_TESTABILITY = YES;
				GCC_C_LANGUAGE_STANDARD = gnu99;
				GCC_DYNAMIC_NO_PIC = NO;
				GCC_NO_COMMON_BLOCKS = YES;
				GCC_OPTIMIZATION_LEVEL = 0;
				GCC_PREPROCESSOR_DEFINITIONS = (
					"DEBUG=1",
					"$(inherited)",
				);
				GCC_WARN_64_TO_32_BIT_CONVERSION = YES;
				GCC_WARN_ABOUT_RETURN_TYPE = YES_ERROR;
				GCC_WARN_UNDECLARED_SELECTOR = YES;
				GCC_WARN_UNINITIALIZED_AUTOS = YES_AGGRESSIVE;
				GCC_WARN_UNUSED_FUNCTION = YES;
				GCC_WARN_UNUSED_VARIABLE = YES;
				IPHONEOS_DEPLOYMENT_TARGET = 9.3;
				MTL_ENABLE_DEBUG_INFO = YES;
				ONLY_ACTIVE_ARCH = YES;
				SDKROOT = iphoneos;
				SWIFT_OPTIMIZATION_LEVEL = "-Onone";
			};
			name = Debug;
		};
		A84AD0FC1C953EAA00E280ED /* Release */ = {
			isa = XCBuildConfiguration;
			buildSettings = {
				ALWAYS_SEARCH_USER_PATHS = NO;
				CLANG_CXX_LANGUAGE_STANDARD = "gnu++0x";
				CLANG_CXX_LIBRARY = "libc++";
				CLANG_ENABLE_MODULES = YES;
				CLANG_ENABLE_OBJC_ARC = YES;
				CLANG_WARN_BOOL_CONVERSION = YES;
				CLANG_WARN_CONSTANT_CONVERSION = YES;
				CLANG_WARN_DIRECT_OBJC_ISA_USAGE = YES_ERROR;
				CLANG_WARN_EMPTY_BODY = YES;
				CLANG_WARN_ENUM_CONVERSION = YES;
				CLANG_WARN_INT_CONVERSION = YES;
				CLANG_WARN_OBJC_ROOT_CLASS = YES_ERROR;
				CLANG_WARN_UNREACHABLE_CODE = YES;
				CLANG_WARN__DUPLICATE_METHOD_MATCH = YES;
				"CODE_SIGN_IDENTITY[sdk=iphoneos*]" = "iPhone Developer";
				COPY_PHASE_STRIP = NO;
				DEBUG_INFORMATION_FORMAT = "dwarf-with-dsym";
				ENABLE_NS_ASSERTIONS = NO;
				ENABLE_STRICT_OBJC_MSGSEND = YES;
				GCC_C_LANGUAGE_STANDARD = gnu99;
				GCC_NO_COMMON_BLOCKS = YES;
				GCC_WARN_64_TO_32_BIT_CONVERSION = YES;
				GCC_WARN_ABOUT_RETURN_TYPE = YES_ERROR;
				GCC_WARN_UNDECLARED_SELECTOR = YES;
				GCC_WARN_UNINITIALIZED_AUTOS = YES_AGGRESSIVE;
				GCC_WARN_UNUSED_FUNCTION = YES;
				GCC_WARN_UNUSED_VARIABLE = YES;
				IPHONEOS_DEPLOYMENT_TARGET = 9.3;
				MTL_ENABLE_DEBUG_INFO = NO;
				SDKROOT = iphoneos;
				VALIDATE_PRODUCT = YES;
			};
			name = Release;
		};
		A84AD0FE1C953EAA00E280ED /* Debug */ = {
			isa = XCBuildConfiguration;
			buildSettings = {
				ASSETCATALOG_COMPILER_APPICON_NAME = AppIcon;
				INFOPLIST_FILE = BetterTriviaModel/Info.plist;
				LD_RUNPATH_SEARCH_PATHS = "$(inherited) @executable_path/Frameworks";
				PRODUCT_BUNDLE_IDENTIFIER = subhadra.BetterTriviaModel;
				PRODUCT_NAME = "$(TARGET_NAME)";
			};
			name = Debug;
		};
		A84AD0FF1C953EAA00E280ED /* Release */ = {
			isa = XCBuildConfiguration;
			buildSettings = {
				ASSETCATALOG_COMPILER_APPICON_NAME = AppIcon;
				INFOPLIST_FILE = BetterTriviaModel/Info.plist;
				LD_RUNPATH_SEARCH_PATHS = "$(inherited) @executable_path/Frameworks";
				PRODUCT_BUNDLE_IDENTIFIER = subhadra.BetterTriviaModel;
				PRODUCT_NAME = "$(TARGET_NAME)";
			};
			name = Release;
		};
		A84AD1011C953EAA00E280ED /* Debug */ = {
			isa = XCBuildConfiguration;
			buildSettings = {
				BUNDLE_LOADER = "$(TEST_HOST)";
				INFOPLIST_FILE = BetterTriviaModelTests/Info.plist;
				LD_RUNPATH_SEARCH_PATHS = "$(inherited) @executable_path/Frameworks @loader_path/Frameworks";
				PRODUCT_BUNDLE_IDENTIFIER = subhadra.BetterTriviaModelTests;
				PRODUCT_NAME = "$(TARGET_NAME)";
				TEST_HOST = "$(BUILT_PRODUCTS_DIR)/BetterTriviaModel.app/BetterTriviaModel";
			};
			name = Debug;
		};
		A84AD1021C953EAA00E280ED /* Release */ = {
			isa = XCBuildConfiguration;
			buildSettings = {
				BUNDLE_LOADER = "$(TEST_HOST)";
				INFOPLIST_FILE = BetterTriviaModelTests/Info.plist;
				LD_RUNPATH_SEARCH_PATHS = "$(inherited) @executable_path/Frameworks @loader_path/Frameworks";
				PRODUCT_BUNDLE_IDENTIFIER = subhadra.BetterTriviaModelTests;
				PRODUCT_NAME = "$(TARGET_NAME)";
				TEST_HOST = "$(BUILT_PRODUCTS_DIR)/BetterTriviaModel.app/BetterTriviaModel";
			};
			name = Release;
		};
/* End XCBuildConfiguration section */

/* Begin XCConfigurationList section */
		A84AD0DB1C953EA900E280ED /* Build configuration list for PBXProject "BetterTriviaModel" */ = {
			isa = XCConfigurationList;
			buildConfigurations = (
				A84AD0FB1C953EAA00E280ED /* Debug */,
				A84AD0FC1C953EAA00E280ED /* Release */,
			);
			defaultConfigurationIsVisible = 0;
			defaultConfigurationName = Release;
		};
		A84AD0FD1C953EAA00E280ED /* Build configuration list for PBXNativeTarget "BetterTriviaModel" */ = {
			isa = XCConfigurationList;
			buildConfigurations = (
				A84AD0FE1C953EAA00E280ED /* Debug */,
				A84AD0FF1C953EAA00E280ED /* Release */,
			);
			defaultConfigurationIsVisible = 0;
		};
		A84AD1001C953EAA00E280ED /* Build configuration list for PBXNativeTarget "BetterTriviaModelTests" */ = {
			isa = XCConfigurationList;
			buildConfigurations = (
				A84AD1011C953EAA00E280ED /* Debug */,
				A84AD1021C953EAA00E280ED /* Release */,
			);
			defaultConfigurationIsVisible = 0;
		};
/* End XCConfigurationList section */
	};
	rootObject = A84AD0D81C953EA900E280ED /* Project object */;
}
