// !$*UTF8*$!
{
	archiveVersion = 1;
	classes = {
	};
	objectVersion = 46;
	objects = {

/* Begin PBXBuildFile section */
		A82967491CB7664B0007AD7C /* MyTableViewController.swift in Sources */ = {isa = PBXBuildFile; fileRef = A82967481CB7664B0007AD7C /* MyTableViewController.swift */; };
		A838F7A91CB75DCA00401019 /* AppDelegate.swift in Sources */ = {isa = PBXBuildFile; fileRef = A838F7A81CB75DCA00401019 /* AppDelegate.swift */; };
		A838F7AB1CB75DCA00401019 /* ViewController.swift in Sources */ = {isa = PBXBuildFile; fileRef = A838F7AA1CB75DCA00401019 /* ViewController.swift */; };
		A838F7AE1CB75DCA00401019 /* Main.storyboard in Resources */ = {isa = PBXBuildFile; fileRef = A838F7AC1CB75DCA00401019 /* Main.storyboard */; };
		A838F7B01CB75DCA00401019 /* Assets.xcassets in Resources */ = {isa = PBXBuildFile; fileRef = A838F7AF1CB75DCA00401019 /* Assets.xcassets */; };
		A838F7B31CB75DCA00401019 /* LaunchScreen.storyboard in Resources */ = {isa = PBXBuildFile; fileRef = A838F7B11CB75DCA00401019 /* LaunchScreen.storyboard */; };
		A838F7BE1CB75DCA00401019 /* TableappTests.swift in Sources */ = {isa = PBXBuildFile; fileRef = A838F7BD1CB75DCA00401019 /* TableappTests.swift */; };
/* End PBXBuildFile section */

/* Begin PBXContainerItemProxy section */
		A838F7BA1CB75DCA00401019 /* PBXContainerItemProxy */ = {
			isa = PBXContainerItemProxy;
			containerPortal = A838F79D1CB75DCA00401019 /* Project object */;
			proxyType = 1;
			remoteGlobalIDString = A838F7A41CB75DCA00401019;
			remoteInfo = Tableapp;
		};
/* End PBXContainerItemProxy section */

/* Begin PBXFileReference section */
		A82967481CB7664B0007AD7C /* MyTableViewController.swift */ = {isa = PBXFileReference; fileEncoding = 4; lastKnownFileType = sourcecode.swift; path = MyTableViewController.swift; sourceTree = "<group>"; };
		A838F7A51CB75DCA00401019 /* Tableapp.app */ = {isa = PBXFileReference; explicitFileType = wrapper.application; includeInIndex = 0; path = Tableapp.app; sourceTree = BUILT_PRODUCTS_DIR; };
		A838F7A81CB75DCA00401019 /* AppDelegate.swift */ = {isa = PBXFileReference; lastKnownFileType = sourcecode.swift; path = AppDelegate.swift; sourceTree = "<group>"; };
		A838F7AA1CB75DCA00401019 /* ViewController.swift */ = {isa = PBXFileReference; lastKnownFileType = sourcecode.swift; path = ViewController.swift; sourceTree = "<group>"; };
		A838F7AD1CB75DCA00401019 /* Base */ = {isa = PBXFileReference; lastKnownFileType = file.storyboard; name = Base; path = Base.lproj/Main.storyboard; sourceTree = "<group>"; };
		A838F7AF1CB75DCA00401019 /* Assets.xcassets */ = {isa = PBXFileReference; lastKnownFileType = folder.assetcatalog; path = Assets.xcassets; sourceTree = "<group>"; };
		A838F7B21CB75DCA00401019 /* Base */ = {isa = PBXFileReference; lastKnownFileType = file.storyboard; name = Base; path = Base.lproj/LaunchScreen.storyboard; sourceTree = "<group>"; };
		A838F7B41CB75DCA00401019 /* Info.plist */ = {isa = PBXFileReference; lastKnownFileType = text.plist.xml; path = Info.plist; sourceTree = "<group>"; };
		A838F7B91CB75DCA00401019 /* TableappTests.xctest */ = {isa = PBXFileReference; explicitFileType = wrapper.cfbundle; includeInIndex = 0; path = TableappTests.xctest; sourceTree = BUILT_PRODUCTS_DIR; };
		A838F7BD1CB75DCA00401019 /* TableappTests.swift */ = {isa = PBXFileReference; lastKnownFileType = sourcecode.swift; path = TableappTests.swift; sourceTree = "<group>"; };
		A838F7BF1CB75DCA00401019 /* Info.plist */ = {isa = PBXFileReference; lastKnownFileType = text.plist.xml; path = Info.plist; sourceTree = "<group>"; };
/* End PBXFileReference section */

/* Begin PBXFrameworksBuildPhase section */
		A838F7A21CB75DCA00401019 /* Frameworks */ = {
			isa = PBXFrameworksBuildPhase;
			buildActionMask = 2147483647;
			files = (
			);
			runOnlyForDeploymentPostprocessing = 0;
		};
		A838F7B61CB75DCA00401019 /* Frameworks */ = {
			isa = PBXFrameworksBuildPhase;
			buildActionMask = 2147483647;
			files = (
			);
			runOnlyForDeploymentPostprocessing = 0;
		};
/* End PBXFrameworksBuildPhase section */

/* Begin PBXGroup section */
		A838F79C1CB75DCA00401019 = {
			isa = PBXGroup;
			children = (
				A838F7A71CB75DCA00401019 /* Tableapp */,
				A838F7BC1CB75DCA00401019 /* TableappTests */,
				A838F7A61CB75DCA00401019 /* Products */,
			);
			sourceTree = "<group>";
		};
		A838F7A61CB75DCA00401019 /* Products */ = {
			isa = PBXGroup;
			children = (
				A838F7A51CB75DCA00401019 /* Tableapp.app */,
				A838F7B91CB75DCA00401019 /* TableappTests.xctest */,
			);
			name = Products;
			sourceTree = "<group>";
		};
		A838F7A71CB75DCA00401019 /* Tableapp */ = {
			isa = PBXGroup;
			children = (
				A838F7A81CB75DCA00401019 /* AppDelegate.swift */,
				A838F7AA1CB75DCA00401019 /* ViewController.swift */,
				A838F7AC1CB75DCA00401019 /* Main.storyboard */,
				A82967481CB7664B0007AD7C /* MyTableViewController.swift */,
				A838F7AF1CB75DCA00401019 /* Assets.xcassets */,
				A838F7B11CB75DCA00401019 /* LaunchScreen.storyboard */,
				A838F7B41CB75DCA00401019 /* Info.plist */,
			);
			path = Tableapp;
			sourceTree = "<group>";
		};
		A838F7BC1CB75DCA00401019 /* TableappTests */ = {
			isa = PBXGroup;
			children = (
				A838F7BD1CB75DCA00401019 /* TableappTests.swift */,
				A838F7BF1CB75DCA00401019 /* Info.plist */,
			);
			path = TableappTests;
			sourceTree = "<group>";
		};
/* End PBXGroup section */

/* Begin PBXNativeTarget section */
		A838F7A41CB75DCA00401019 /* Tableapp */ = {
			isa = PBXNativeTarget;
			buildConfigurationList = A838F7C21CB75DCA00401019 /* Build configuration list for PBXNativeTarget "Tableapp" */;
			buildPhases = (
				A838F7A11CB75DCA00401019 /* Sources */,
				A838F7A21CB75DCA00401019 /* Frameworks */,
				A838F7A31CB75DCA00401019 /* Resources */,
			);
			buildRules = (
			);
			dependencies = (
			);
			name = Tableapp;
			productName = Tableapp;
			productReference = A838F7A51CB75DCA00401019 /* Tableapp.app */;
			productType = "com.apple.product-type.application";
		};
		A838F7B81CB75DCA00401019 /* TableappTests */ = {
			isa = PBXNativeTarget;
			buildConfigurationList = A838F7C51CB75DCA00401019 /* Build configuration list for PBXNativeTarget "TableappTests" */;
			buildPhases = (
				A838F7B51CB75DCA00401019 /* Sources */,
				A838F7B61CB75DCA00401019 /* Frameworks */,
				A838F7B71CB75DCA00401019 /* Resources */,
			);
			buildRules = (
			);
			dependencies = (
				A838F7BB1CB75DCA00401019 /* PBXTargetDependency */,
			);
			name = TableappTests;
			productName = TableappTests;
			productReference = A838F7B91CB75DCA00401019 /* TableappTests.xctest */;
			productType = "com.apple.product-type.bundle.unit-test";
		};
/* End PBXNativeTarget section */

/* Begin PBXProject section */
		A838F79D1CB75DCA00401019 /* Project object */ = {
			isa = PBXProject;
			attributes = {
				LastSwiftUpdateCheck = 0730;
				LastUpgradeCheck = 0730;
				ORGANIZATIONNAME = Subhadra;
				TargetAttributes = {
					A838F7A41CB75DCA00401019 = {
						CreatedOnToolsVersion = 7.3;
					};
					A838F7B81CB75DCA00401019 = {
						CreatedOnToolsVersion = 7.3;
						TestTargetID = A838F7A41CB75DCA00401019;
					};
				};
			};
			buildConfigurationList = A838F7A01CB75DCA00401019 /* Build configuration list for PBXProject "Tableapp" */;
			compatibilityVersion = "Xcode 3.2";
			developmentRegion = English;
			hasScannedForEncodings = 0;
			knownRegions = (
				en,
				Base,
			);
			mainGroup = A838F79C1CB75DCA00401019;
			productRefGroup = A838F7A61CB75DCA00401019 /* Products */;
			projectDirPath = "";
			projectRoot = "";
			targets = (
				A838F7A41CB75DCA00401019 /* Tableapp */,
				A838F7B81CB75DCA00401019 /* TableappTests */,
			);
		};
/* End PBXProject section */

/* Begin PBXResourcesBuildPhase section */
		A838F7A31CB75DCA00401019 /* Resources */ = {
			isa = PBXResourcesBuildPhase;
			buildActionMask = 2147483647;
			files = (
				A838F7B31CB75DCA00401019 /* LaunchScreen.storyboard in Resources */,
				A838F7B01CB75DCA00401019 /* Assets.xcassets in Resources */,
				A838F7AE1CB75DCA00401019 /* Main.storyboard in Resources */,
			);
			runOnlyForDeploymentPostprocessing = 0;
		};
		A838F7B71CB75DCA00401019 /* Resources */ = {
			isa = PBXResourcesBuildPhase;
			buildActionMask = 2147483647;
			files = (
			);
			runOnlyForDeploymentPostprocessing = 0;
		};
/* End PBXResourcesBuildPhase section */

/* Begin PBXSourcesBuildPhase section */
		A838F7A11CB75DCA00401019 /* Sources */ = {
			isa = PBXSourcesBuildPhase;
			buildActionMask = 2147483647;
			files = (
				A838F7AB1CB75DCA00401019 /* ViewController.swift in Sources */,
				A82967491CB7664B0007AD7C /* MyTableViewController.swift in Sources */,
				A838F7A91CB75DCA00401019 /* AppDelegate.swift in Sources */,
			);
			runOnlyForDeploymentPostprocessing = 0;
		};
		A838F7B51CB75DCA00401019 /* Sources */ = {
			isa = PBXSourcesBuildPhase;
			buildActionMask = 2147483647;
			files = (
				A838F7BE1CB75DCA00401019 /* TableappTests.swift in Sources */,
			);
			runOnlyForDeploymentPostprocessing = 0;
		};
/* End PBXSourcesBuildPhase section */

/* Begin PBXTargetDependency section */
		A838F7BB1CB75DCA00401019 /* PBXTargetDependency */ = {
			isa = PBXTargetDependency;
			target = A838F7A41CB75DCA00401019 /* Tableapp */;
			targetProxy = A838F7BA1CB75DCA00401019 /* PBXContainerItemProxy */;
		};
/* End PBXTargetDependency section */

/* Begin PBXVariantGroup section */
		A838F7AC1CB75DCA00401019 /* Main.storyboard */ = {
			isa = PBXVariantGroup;
			children = (
				A838F7AD1CB75DCA00401019 /* Base */,
			);
			name = Main.storyboard;
			sourceTree = "<group>";
		};
		A838F7B11CB75DCA00401019 /* LaunchScreen.storyboard */ = {
			isa = PBXVariantGroup;
			children = (
				A838F7B21CB75DCA00401019 /* Base */,
			);
			name = LaunchScreen.storyboard;
			sourceTree = "<group>";
		};
/* End PBXVariantGroup section */

/* Begin XCBuildConfiguration section */
		A838F7C01CB75DCA00401019 /* Debug */ = {
			isa = XCBuildConfiguration;
			buildSettings = {
				ALWAYS_SEARCH_USER_PATHS = NO;
				CLANG_CXX_LANGUAGE_STANDARD = "gnu++0x";
				CLANG_CXX_LIBRARY = "libc++";
				CLANG_ENABLE_MODULES = YES;
				CLANG_ENABLE_OBJC_ARC = YES;
				CLANG_WARN_BOOL_CONVERSION = YES;
				CLANG_WARN_CONSTANT_CONVERSION = YES;
				CLANG_WARN_DIRECT_OBJC_ISA_USAGE = YES_ERROR;
				CLANG_WARN_EMPTY_BODY = YES;
				CLANG_WARN_ENUM_CONVERSION = YES;
				CLANG_WARN_INT_CONVERSION = YES;
				CLANG_WARN_OBJC_ROOT_CLASS = YES_ERROR;
				CLANG_WARN_UNREACHABLE_CODE = YES;
				CLANG_WARN__DUPLICATE_METHOD_MATCH = YES;
				"CODE_SIGN_IDENTITY[sdk=iphoneos*]" = "iPhone Developer";
				COPY_PHASE_STRIP = NO;
				DEBUG_INFORMATION_FORMAT = dwarf;
				ENABLE_STRICT_OBJC_MSGSEND = YES;
				ENABLE_TESTABILITY = YES;
				GCC_C_LANGUAGE_STANDARD = gnu99;
				GCC_DYNAMIC_NO_PIC = NO;
				GCC_NO_COMMON_BLOCKS = YES;
				GCC_OPTIMIZATION_LEVEL = 0;
				GCC_PREPROCESSOR_DEFINITIONS = (
					"DEBUG=1",
					"$(inherited)",
				);
				GCC_WARN_64_TO_32_BIT_CONVERSION = YES;
				GCC_WARN_ABOUT_RETURN_TYPE = YES_ERROR;
				GCC_WARN_UNDECLARED_SELECTOR = YES;
				GCC_WARN_UNINITIALIZED_AUTOS = YES_AGGRESSIVE;
				GCC_WARN_UNUSED_FUNCTION = YES;
				GCC_WARN_UNUSED_VARIABLE = YES;
				IPHONEOS_DEPLOYMENT_TARGET = 9.3;
				MTL_ENABLE_DEBUG_INFO = YES;
				ONLY_ACTIVE_ARCH = YES;
				SDKROOT = iphoneos;
				SWIFT_OPTIMIZATION_LEVEL = "-Onone";
			};
			name = Debug;
		};
		A838F7C11CB75DCA00401019 /* Release */ = {
			isa = XCBuildConfiguration;
			buildSettings = {
				ALWAYS_SEARCH_USER_PATHS = NO;
				CLANG_CXX_LANGUAGE_STANDARD = "gnu++0x";
				CLANG_CXX_LIBRARY = "libc++";
				CLANG_ENABLE_MODULES = YES;
				CLANG_ENABLE_OBJC_ARC = YES;
				CLANG_WARN_BOOL_CONVERSION = YES;
				CLANG_WARN_CONSTANT_CONVERSION = YES;
				CLANG_WARN_DIRECT_OBJC_ISA_USAGE = YES_ERROR;
				CLANG_WARN_EMPTY_BODY = YES;
				CLANG_WARN_ENUM_CONVERSION = YES;
				CLANG_WARN_INT_CONVERSION = YES;
				CLANG_WARN_OBJC_ROOT_CLASS = YES_ERROR;
				CLANG_WARN_UNREACHABLE_CODE = YES;
				CLANG_WARN__DUPLICATE_METHOD_MATCH = YES;
				"CODE_SIGN_IDENTITY[sdk=iphoneos*]" = "iPhone Developer";
				COPY_PHASE_STRIP = NO;
				DEBUG_INFORMATION_FORMAT = "dwarf-with-dsym";
				ENABLE_NS_ASSERTIONS = NO;
				ENABLE_STRICT_OBJC_MSGSEND = YES;
				GCC_C_LANGUAGE_STANDARD = gnu99;
				GCC_NO_COMMON_BLOCKS = YES;
				GCC_WARN_64_TO_32_BIT_CONVERSION = YES;
				GCC_WARN_ABOUT_RETURN_TYPE = YES_ERROR;
				GCC_WARN_UNDECLARED_SELECTOR = YES;
				GCC_WARN_UNINITIALIZED_AUTOS = YES_AGGRESSIVE;
				GCC_WARN_UNUSED_FUNCTION = YES;
				GCC_WARN_UNUSED_VARIABLE = YES;
				IPHONEOS_DEPLOYMENT_TARGET = 9.3;
				MTL_ENABLE_DEBUG_INFO = NO;
				SDKROOT = iphoneos;
				VALIDATE_PRODUCT = YES;
			};
			name = Release;
		};
		A838F7C31CB75DCA00401019 /* Debug */ = {
			isa = XCBuildConfiguration;
			buildSettings = {
				ASSETCATALOG_COMPILER_APPICON_NAME = AppIcon;
				INFOPLIST_FILE = Tableapp/Info.plist;
				LD_RUNPATH_SEARCH_PATHS = "$(inherited) @executable_path/Frameworks";
				PRODUCT_BUNDLE_IDENTIFIER = subhadra.Tableapp;
				PRODUCT_NAME = "$(TARGET_NAME)";
			};
			name = Debug;
		};
		A838F7C41CB75DCA00401019 /* Release */ = {
			isa = XCBuildConfiguration;
			buildSettings = {
				ASSETCATALOG_COMPILER_APPICON_NAME = AppIcon;
				INFOPLIST_FILE = Tableapp/Info.plist;
				LD_RUNPATH_SEARCH_PATHS = "$(inherited) @executable_path/Frameworks";
				PRODUCT_BUNDLE_IDENTIFIER = subhadra.Tableapp;
				PRODUCT_NAME = "$(TARGET_NAME)";
			};
			name = Release;
		};
		A838F7C61CB75DCA00401019 /* Debug */ = {
			isa = XCBuildConfiguration;
			buildSettings = {
				BUNDLE_LOADER = "$(TEST_HOST)";
				INFOPLIST_FILE = TableappTests/Info.plist;
				LD_RUNPATH_SEARCH_PATHS = "$(inherited) @executable_path/Frameworks @loader_path/Frameworks";
				PRODUCT_BUNDLE_IDENTIFIER = subhadra.TableappTests;
				PRODUCT_NAME = "$(TARGET_NAME)";
				TEST_HOST = "$(BUILT_PRODUCTS_DIR)/Tableapp.app/Tableapp";
			};
			name = Debug;
		};
		A838F7C71CB75DCA00401019 /* Release */ = {
			isa = XCBuildConfiguration;
			buildSettings = {
				BUNDLE_LOADER = "$(TEST_HOST)";
				INFOPLIST_FILE = TableappTests/Info.plist;
				LD_RUNPATH_SEARCH_PATHS = "$(inherited) @executable_path/Frameworks @loader_path/Frameworks";
				PRODUCT_BUNDLE_IDENTIFIER = subhadra.TableappTests;
				PRODUCT_NAME = "$(TARGET_NAME)";
				TEST_HOST = "$(BUILT_PRODUCTS_DIR)/Tableapp.app/Tableapp";
			};
			name = Release;
		};
/* End XCBuildConfiguration section */

/* Begin XCConfigurationList section */
		A838F7A01CB75DCA00401019 /* Build configuration list for PBXProject "Tableapp" */ = {
			isa = XCConfigurationList;
			buildConfigurations = (
				A838F7C01CB75DCA00401019 /* Debug */,
				A838F7C11CB75DCA00401019 /* Release */,
			);
			defaultConfigurationIsVisible = 0;
			defaultConfigurationName = Release;
		};
		A838F7C21CB75DCA00401019 /* Build configuration list for PBXNativeTarget "Tableapp" */ = {
			isa = XCConfigurationList;
			buildConfigurations = (
				A838F7C31CB75DCA00401019 /* Debug */,
				A838F7C41CB75DCA00401019 /* Release */,
			);
			defaultConfigurationIsVisible = 0;
			defaultConfigurationName = Release;
		};
		A838F7C51CB75DCA00401019 /* Build configuration list for PBXNativeTarget "TableappTests" */ = {
			isa = XCConfigurationList;
			buildConfigurations = (
				A838F7C61CB75DCA00401019 /* Debug */,
				A838F7C71CB75DCA00401019 /* Release */,
			);
			defaultConfigurationIsVisible = 0;
			defaultConfigurationName = Release;
		};
/* End XCConfigurationList section */
	};
	rootObject = A838F79D1CB75DCA00401019 /* Project object */;
}
