// !$*UTF8*$!
{
	archiveVersion = 1;
	classes = {
	};
	objectVersion = 46;
	objects = {

/* Begin PBXBuildFile section */
		A81687F61CD317FC00E4A0F3 /* AppDelegate.swift in Sources */ = {isa = PBXBuildFile; fileRef = A81687F51CD317FC00E4A0F3 /* AppDelegate.swift */; };
		A81687F81CD317FC00E4A0F3 /* ViewController.swift in Sources */ = {isa = PBXBuildFile; fileRef = A81687F71CD317FC00E4A0F3 /* ViewController.swift */; };
		A81687FB1CD317FC00E4A0F3 /* Main.storyboard in Resources */ = {isa = PBXBuildFile; fileRef = A81687F91CD317FC00E4A0F3 /* Main.storyboard */; };
		A81687FD1CD317FC00E4A0F3 /* Assets.xcassets in Resources */ = {isa = PBXBuildFile; fileRef = A81687FC1CD317FC00E4A0F3 /* Assets.xcassets */; };
		A81688001CD317FC00E4A0F3 /* LaunchScreen.storyboard in Resources */ = {isa = PBXBuildFile; fileRef = A81687FE1CD317FC00E4A0F3 /* LaunchScreen.storyboard */; };
		A816880B1CD317FC00E4A0F3 /* Pickers_and_AlertsTests.swift in Sources */ = {isa = PBXBuildFile; fileRef = A816880A1CD317FC00E4A0F3 /* Pickers_and_AlertsTests.swift */; };
/* End PBXBuildFile section */

/* Begin PBXContainerItemProxy section */
		A81688071CD317FC00E4A0F3 /* PBXContainerItemProxy */ = {
			isa = PBXContainerItemProxy;
			containerPortal = A81687EA1CD317FC00E4A0F3 /* Project object */;
			proxyType = 1;
			remoteGlobalIDString = A81687F11CD317FC00E4A0F3;
			remoteInfo = "Pickers and Alerts";
		};
/* End PBXContainerItemProxy section */

/* Begin PBXFileReference section */
		A81687F21CD317FC00E4A0F3 /* Pickers and Alerts.app */ = {isa = PBXFileReference; explicitFileType = wrapper.application; includeInIndex = 0; path = "Pickers and Alerts.app"; sourceTree = BUILT_PRODUCTS_DIR; };
		A81687F51CD317FC00E4A0F3 /* AppDelegate.swift */ = {isa = PBXFileReference; lastKnownFileType = sourcecode.swift; path = AppDelegate.swift; sourceTree = "<group>"; };
		A81687F71CD317FC00E4A0F3 /* ViewController.swift */ = {isa = PBXFileReference; lastKnownFileType = sourcecode.swift; path = ViewController.swift; sourceTree = "<group>"; };
		A81687FA1CD317FC00E4A0F3 /* Base */ = {isa = PBXFileReference; lastKnownFileType = file.storyboard; name = Base; path = Base.lproj/Main.storyboard; sourceTree = "<group>"; };
		A81687FC1CD317FC00E4A0F3 /* Assets.xcassets */ = {isa = PBXFileReference; lastKnownFileType = folder.assetcatalog; path = Assets.xcassets; sourceTree = "<group>"; };
		A81687FF1CD317FC00E4A0F3 /* Base */ = {isa = PBXFileReference; lastKnownFileType = file.storyboard; name = Base; path = Base.lproj/LaunchScreen.storyboard; sourceTree = "<group>"; };
		A81688011CD317FC00E4A0F3 /* Info.plist */ = {isa = PBXFileReference; lastKnownFileType = text.plist.xml; path = Info.plist; sourceTree = "<group>"; };
		A81688061CD317FC00E4A0F3 /* Pickers and AlertsTests.xctest */ = {isa = PBXFileReference; explicitFileType = wrapper.cfbundle; includeInIndex = 0; path = "Pickers and AlertsTests.xctest"; sourceTree = BUILT_PRODUCTS_DIR; };
		A816880A1CD317FC00E4A0F3 /* Pickers_and_AlertsTests.swift */ = {isa = PBXFileReference; lastKnownFileType = sourcecode.swift; path = Pickers_and_AlertsTests.swift; sourceTree = "<group>"; };
		A816880C1CD317FC00E4A0F3 /* Info.plist */ = {isa = PBXFileReference; lastKnownFileType = text.plist.xml; path = Info.plist; sourceTree = "<group>"; };
/* End PBXFileReference section */

/* Begin PBXFrameworksBuildPhase section */
		A81687EF1CD317FC00E4A0F3 /* Frameworks */ = {
			isa = PBXFrameworksBuildPhase;
			buildActionMask = 2147483647;
			files = (
			);
			runOnlyForDeploymentPostprocessing = 0;
		};
		A81688031CD317FC00E4A0F3 /* Frameworks */ = {
			isa = PBXFrameworksBuildPhase;
			buildActionMask = 2147483647;
			files = (
			);
			runOnlyForDeploymentPostprocessing = 0;
		};
/* End PBXFrameworksBuildPhase section */

/* Begin PBXGroup section */
		A81687E91CD317FC00E4A0F3 = {
			isa = PBXGroup;
			children = (
				A81687F41CD317FC00E4A0F3 /* Pickers and Alerts */,
				A81688091CD317FC00E4A0F3 /* Pickers and AlertsTests */,
				A81687F31CD317FC00E4A0F3 /* Products */,
			);
			sourceTree = "<group>";
		};
		A81687F31CD317FC00E4A0F3 /* Products */ = {
			isa = PBXGroup;
			children = (
				A81687F21CD317FC00E4A0F3 /* Pickers and Alerts.app */,
				A81688061CD317FC00E4A0F3 /* Pickers and AlertsTests.xctest */,
			);
			name = Products;
			sourceTree = "<group>";
		};
		A81687F41CD317FC00E4A0F3 /* Pickers and Alerts */ = {
			isa = PBXGroup;
			children = (
				A81687F51CD317FC00E4A0F3 /* AppDelegate.swift */,
				A81687F71CD317FC00E4A0F3 /* ViewController.swift */,
				A81687F91CD317FC00E4A0F3 /* Main.storyboard */,
				A81687FC1CD317FC00E4A0F3 /* Assets.xcassets */,
				A81687FE1CD317FC00E4A0F3 /* LaunchScreen.storyboard */,
				A81688011CD317FC00E4A0F3 /* Info.plist */,
			);
			path = "Pickers and Alerts";
			sourceTree = "<group>";
		};
		A81688091CD317FC00E4A0F3 /* Pickers and AlertsTests */ = {
			isa = PBXGroup;
			children = (
				A816880A1CD317FC00E4A0F3 /* Pickers_and_AlertsTests.swift */,
				A816880C1CD317FC00E4A0F3 /* Info.plist */,
			);
			path = "Pickers and AlertsTests";
			sourceTree = "<group>";
		};
/* End PBXGroup section */

/* Begin PBXNativeTarget section */
		A81687F11CD317FC00E4A0F3 /* Pickers and Alerts */ = {
			isa = PBXNativeTarget;
			buildConfigurationList = A816880F1CD317FC00E4A0F3 /* Build configuration list for PBXNativeTarget "Pickers and Alerts" */;
			buildPhases = (
				A81687EE1CD317FC00E4A0F3 /* Sources */,
				A81687EF1CD317FC00E4A0F3 /* Frameworks */,
				A81687F01CD317FC00E4A0F3 /* Resources */,
			);
			buildRules = (
			);
			dependencies = (
			);
			name = "Pickers and Alerts";
			productName = "Pickers and Alerts";
			productReference = A81687F21CD317FC00E4A0F3 /* Pickers and Alerts.app */;
			productType = "com.apple.product-type.application";
		};
		A81688051CD317FC00E4A0F3 /* Pickers and AlertsTests */ = {
			isa = PBXNativeTarget;
			buildConfigurationList = A81688121CD317FC00E4A0F3 /* Build configuration list for PBXNativeTarget "Pickers and AlertsTests" */;
			buildPhases = (
				A81688021CD317FC00E4A0F3 /* Sources */,
				A81688031CD317FC00E4A0F3 /* Frameworks */,
				A81688041CD317FC00E4A0F3 /* Resources */,
			);
			buildRules = (
			);
			dependencies = (
				A81688081CD317FC00E4A0F3 /* PBXTargetDependency */,
			);
			name = "Pickers and AlertsTests";
			productName = "Pickers and AlertsTests";
			productReference = A81688061CD317FC00E4A0F3 /* Pickers and AlertsTests.xctest */;
			productType = "com.apple.product-type.bundle.unit-test";
		};
/* End PBXNativeTarget section */

/* Begin PBXProject section */
		A81687EA1CD317FC00E4A0F3 /* Project object */ = {
			isa = PBXProject;
			attributes = {
				LastSwiftUpdateCheck = 0730;
				LastUpgradeCheck = 0730;
				ORGANIZATIONNAME = Subhadra;
				TargetAttributes = {
					A81687F11CD317FC00E4A0F3 = {
						CreatedOnToolsVersion = 7.3;
					};
					A81688051CD317FC00E4A0F3 = {
						CreatedOnToolsVersion = 7.3;
						TestTargetID = A81687F11CD317FC00E4A0F3;
					};
				};
			};
			buildConfigurationList = A81687ED1CD317FC00E4A0F3 /* Build configuration list for PBXProject "Pickers and Alerts" */;
			compatibilityVersion = "Xcode 3.2";
			developmentRegion = English;
			hasScannedForEncodings = 0;
			knownRegions = (
				en,
				Base,
			);
			mainGroup = A81687E91CD317FC00E4A0F3;
			productRefGroup = A81687F31CD317FC00E4A0F3 /* Products */;
			projectDirPath = "";
			projectRoot = "";
			targets = (
				A81687F11CD317FC00E4A0F3 /* Pickers and Alerts */,
				A81688051CD317FC00E4A0F3 /* Pickers and AlertsTests */,
			);
		};
/* End PBXProject section */

/* Begin PBXResourcesBuildPhase section */
		A81687F01CD317FC00E4A0F3 /* Resources */ = {
			isa = PBXResourcesBuildPhase;
			buildActionMask = 2147483647;
			files = (
				A81688001CD317FC00E4A0F3 /* LaunchScreen.storyboard in Resources */,
				A81687FD1CD317FC00E4A0F3 /* Assets.xcassets in Resources */,
				A81687FB1CD317FC00E4A0F3 /* Main.storyboard in Resources */,
			);
			runOnlyForDeploymentPostprocessing = 0;
		};
		A81688041CD317FC00E4A0F3 /* Resources */ = {
			isa = PBXResourcesBuildPhase;
			buildActionMask = 2147483647;
			files = (
			);
			runOnlyForDeploymentPostprocessing = 0;
		};
/* End PBXResourcesBuildPhase section */

/* Begin PBXSourcesBuildPhase section */
		A81687EE1CD317FC00E4A0F3 /* Sources */ = {
			isa = PBXSourcesBuildPhase;
			buildActionMask = 2147483647;
			files = (
				A81687F81CD317FC00E4A0F3 /* ViewController.swift in Sources */,
				A81687F61CD317FC00E4A0F3 /* AppDelegate.swift in Sources */,
			);
			runOnlyForDeploymentPostprocessing = 0;
		};
		A81688021CD317FC00E4A0F3 /* Sources */ = {
			isa = PBXSourcesBuildPhase;
			buildActionMask = 2147483647;
			files = (
				A816880B1CD317FC00E4A0F3 /* Pickers_and_AlertsTests.swift in Sources */,
			);
			runOnlyForDeploymentPostprocessing = 0;
		};
/* End PBXSourcesBuildPhase section */

/* Begin PBXTargetDependency section */
		A81688081CD317FC00E4A0F3 /* PBXTargetDependency */ = {
			isa = PBXTargetDependency;
			target = A81687F11CD317FC00E4A0F3 /* Pickers and Alerts */;
			targetProxy = A81688071CD317FC00E4A0F3 /* PBXContainerItemProxy */;
		};
/* End PBXTargetDependency section */

/* Begin PBXVariantGroup section */
		A81687F91CD317FC00E4A0F3 /* Main.storyboard */ = {
			isa = PBXVariantGroup;
			children = (
				A81687FA1CD317FC00E4A0F3 /* Base */,
			);
			name = Main.storyboard;
			sourceTree = "<group>";
		};
		A81687FE1CD317FC00E4A0F3 /* LaunchScreen.storyboard */ = {
			isa = PBXVariantGroup;
			children = (
				A81687FF1CD317FC00E4A0F3 /* Base */,
			);
			name = LaunchScreen.storyboard;
			sourceTree = "<group>";
		};
/* End PBXVariantGroup section */

/* Begin XCBuildConfiguration section */
		A816880D1CD317FC00E4A0F3 /* Debug */ = {
			isa = XCBuildConfiguration;
			buildSettings = {
				ALWAYS_SEARCH_USER_PATHS = NO;
				CLANG_CXX_LANGUAGE_STANDARD = "gnu++0x";
				CLANG_CXX_LIBRARY = "libc++";
				CLANG_ENABLE_MODULES = YES;
				CLANG_ENABLE_OBJC_ARC = YES;
				CLANG_WARN_BOOL_CONVERSION = YES;
				CLANG_WARN_CONSTANT_CONVERSION = YES;
				CLANG_WARN_DIRECT_OBJC_ISA_USAGE = YES_ERROR;
				CLANG_WARN_EMPTY_BODY = YES;
				CLANG_WARN_ENUM_CONVERSION = YES;
				CLANG_WARN_INT_CONVERSION = YES;
				CLANG_WARN_OBJC_ROOT_CLASS = YES_ERROR;
				CLANG_WARN_UNREACHABLE_CODE = YES;
				CLANG_WARN__DUPLICATE_METHOD_MATCH = YES;
				"CODE_SIGN_IDENTITY[sdk=iphoneos*]" = "iPhone Developer";
				COPY_PHASE_STRIP = NO;
				DEBUG_INFORMATION_FORMAT = dwarf;
				ENABLE_STRICT_OBJC_MSGSEND = YES;
				ENABLE_TESTABILITY = YES;
				GCC_C_LANGUAGE_STANDARD = gnu99;
				GCC_DYNAMIC_NO_PIC = NO;
				GCC_NO_COMMON_BLOCKS = YES;
				GCC_OPTIMIZATION_LEVEL = 0;
				GCC_PREPROCESSOR_DEFINITIONS = (
					"DEBUG=1",
					"$(inherited)",
				);
				GCC_WARN_64_TO_32_BIT_CONVERSION = YES;
				GCC_WARN_ABOUT_RETURN_TYPE = YES_ERROR;
				GCC_WARN_UNDECLARED_SELECTOR = YES;
				GCC_WARN_UNINITIALIZED_AUTOS = YES_AGGRESSIVE;
				GCC_WARN_UNUSED_FUNCTION = YES;
				GCC_WARN_UNUSED_VARIABLE = YES;
				IPHONEOS_DEPLOYMENT_TARGET = 9.3;
				MTL_ENABLE_DEBUG_INFO = YES;
				ONLY_ACTIVE_ARCH = YES;
				SDKROOT = iphoneos;
				SWIFT_OPTIMIZATION_LEVEL = "-Onone";
			};
			name = Debug;
		};
		A816880E1CD317FC00E4A0F3 /* Release */ = {
			isa = XCBuildConfiguration;
			buildSettings = {
				ALWAYS_SEARCH_USER_PATHS = NO;
				CLANG_CXX_LANGUAGE_STANDARD = "gnu++0x";
				CLANG_CXX_LIBRARY = "libc++";
				CLANG_ENABLE_MODULES = YES;
				CLANG_ENABLE_OBJC_ARC = YES;
				CLANG_WARN_BOOL_CONVERSION = YES;
				CLANG_WARN_CONSTANT_CONVERSION = YES;
				CLANG_WARN_DIRECT_OBJC_ISA_USAGE = YES_ERROR;
				CLANG_WARN_EMPTY_BODY = YES;
				CLANG_WARN_ENUM_CONVERSION = YES;
				CLANG_WARN_INT_CONVERSION = YES;
				CLANG_WARN_OBJC_ROOT_CLASS = YES_ERROR;
				CLANG_WARN_UNREACHABLE_CODE = YES;
				CLANG_WARN__DUPLICATE_METHOD_MATCH = YES;
				"CODE_SIGN_IDENTITY[sdk=iphoneos*]" = "iPhone Developer";
				COPY_PHASE_STRIP = NO;
				DEBUG_INFORMATION_FORMAT = "dwarf-with-dsym";
				ENABLE_NS_ASSERTIONS = NO;
				ENABLE_STRICT_OBJC_MSGSEND = YES;
				GCC_C_LANGUAGE_STANDARD = gnu99;
				GCC_NO_COMMON_BLOCKS = YES;
				GCC_WARN_64_TO_32_BIT_CONVERSION = YES;
				GCC_WARN_ABOUT_RETURN_TYPE = YES_ERROR;
				GCC_WARN_UNDECLARED_SELECTOR = YES;
				GCC_WARN_UNINITIALIZED_AUTOS = YES_AGGRESSIVE;
				GCC_WARN_UNUSED_FUNCTION = YES;
				GCC_WARN_UNUSED_VARIABLE = YES;
				IPHONEOS_DEPLOYMENT_TARGET = 9.3;
				MTL_ENABLE_DEBUG_INFO = NO;
				SDKROOT = iphoneos;
				VALIDATE_PRODUCT = YES;
			};
			name = Release;
		};
		A81688101CD317FC00E4A0F3 /* Debug */ = {
			isa = XCBuildConfiguration;
			buildSettings = {
				ASSETCATALOG_COMPILER_APPICON_NAME = AppIcon;
				INFOPLIST_FILE = "Pickers and Alerts/Info.plist";
				LD_RUNPATH_SEARCH_PATHS = "$(inherited) @executable_path/Frameworks";
				PRODUCT_BUNDLE_IDENTIFIER = "subhadra.Pickers-and-Alerts";
				PRODUCT_NAME = "$(TARGET_NAME)";
			};
			name = Debug;
		};
		A81688111CD317FC00E4A0F3 /* Release */ = {
			isa = XCBuildConfiguration;
			buildSettings = {
				ASSETCATALOG_COMPILER_APPICON_NAME = AppIcon;
				INFOPLIST_FILE = "Pickers and Alerts/Info.plist";
				LD_RUNPATH_SEARCH_PATHS = "$(inherited) @executable_path/Frameworks";
				PRODUCT_BUNDLE_IDENTIFIER = "subhadra.Pickers-and-Alerts";
				PRODUCT_NAME = "$(TARGET_NAME)";
			};
			name = Release;
		};
		A81688131CD317FC00E4A0F3 /* Debug */ = {
			isa = XCBuildConfiguration;
			buildSettings = {
				BUNDLE_LOADER = "$(TEST_HOST)";
				INFOPLIST_FILE = "Pickers and AlertsTests/Info.plist";
				LD_RUNPATH_SEARCH_PATHS = "$(inherited) @executable_path/Frameworks @loader_path/Frameworks";
				PRODUCT_BUNDLE_IDENTIFIER = "subhadra.Pickers-and-AlertsTests";
				PRODUCT_NAME = "$(TARGET_NAME)";
				TEST_HOST = "$(BUILT_PRODUCTS_DIR)/Pickers and Alerts.app/Pickers and Alerts";
			};
			name = Debug;
		};
		A81688141CD317FC00E4A0F3 /* Release */ = {
			isa = XCBuildConfiguration;
			buildSettings = {
				BUNDLE_LOADER = "$(TEST_HOST)";
				INFOPLIST_FILE = "Pickers and AlertsTests/Info.plist";
				LD_RUNPATH_SEARCH_PATHS = "$(inherited) @executable_path/Frameworks @loader_path/Frameworks";
				PRODUCT_BUNDLE_IDENTIFIER = "subhadra.Pickers-and-AlertsTests";
				PRODUCT_NAME = "$(TARGET_NAME)";
				TEST_HOST = "$(BUILT_PRODUCTS_DIR)/Pickers and Alerts.app/Pickers and Alerts";
			};
			name = Release;
		};
/* End XCBuildConfiguration section */

/* Begin XCConfigurationList section */
		A81687ED1CD317FC00E4A0F3 /* Build configuration list for PBXProject "Pickers and Alerts" */ = {
			isa = XCConfigurationList;
			buildConfigurations = (
				A816880D1CD317FC00E4A0F3 /* Debug */,
				A816880E1CD317FC00E4A0F3 /* Release */,
			);
			defaultConfigurationIsVisible = 0;
			defaultConfigurationName = Release;
		};
		A816880F1CD317FC00E4A0F3 /* Build configuration list for PBXNativeTarget "Pickers and Alerts" */ = {
			isa = XCConfigurationList;
			buildConfigurations = (
				A81688101CD317FC00E4A0F3 /* Debug */,
				A81688111CD317FC00E4A0F3 /* Release */,
			);
			defaultConfigurationIsVisible = 0;
		};
		A81688121CD317FC00E4A0F3 /* Build configuration list for PBXNativeTarget "Pickers and AlertsTests" */ = {
			isa = XCConfigurationList;
			buildConfigurations = (
				A81688131CD317FC00E4A0F3 /* Debug */,
				A81688141CD317FC00E4A0F3 /* Release */,
			);
			defaultConfigurationIsVisible = 0;
		};
/* End XCConfigurationList section */
	};
	rootObject = A81687EA1CD317FC00E4A0F3 /* Project object */;
}
